// !$*UTF8*$!
{
	archiveVersion = 1;
	classes = {
	};
	objectVersion = 46;
	objects = {

/* Begin PBXBuildFile section */
		9EDDDD3E1F1CE089001A40C8 /* macRTSX.hpp in Headers */ = {isa = PBXBuildFile; fileRef = 9EDDDD3D1F1CE089001A40C8 /* macRTSX.hpp */; };
		9EDDDD401F1CE089001A40C8 /* macRTSX.cpp in Sources */ = {isa = PBXBuildFile; fileRef = 9EDDDD3F1F1CE089001A40C8 /* macRTSX.cpp */; };
		9EDDDD511F1CE0CC001A40C8 /* macSDMMC_regs.hpp in Headers */ = {isa = PBXBuildFile; fileRef = 9EDDDD471F1CE0CC001A40C8 /* macSDMMC_regs.hpp */; };
		9EDDDD521F1CE0CC001A40C8 /* macSDMMC.cpp in Sources */ = {isa = PBXBuildFile; fileRef = 9EDDDD481F1CE0CC001A40C8 /* macSDMMC.cpp */; };
		9EDDDD531F1CE0CC001A40C8 /* macSDMMC.hpp in Headers */ = {isa = PBXBuildFile; fileRef = 9EDDDD491F1CE0CC001A40C8 /* macSDMMC.hpp */; };
		9EDDDD541F1CE0CC001A40C8 /* macSDMMCDisk.cpp in Sources */ = {isa = PBXBuildFile; fileRef = 9EDDDD4A1F1CE0CC001A40C8 /* macSDMMCDisk.cpp */; };
		9EDDDD551F1CE0CC001A40C8 /* macSDMMCDisk.hpp in Headers */ = {isa = PBXBuildFile; fileRef = 9EDDDD4B1F1CE0CC001A40C8 /* macSDMMCDisk.hpp */; };
		9EDDDD561F1CE0CC001A40C8 /* rtsx_ops.hpp in Headers */ = {isa = PBXBuildFile; fileRef = 9EDDDD4C1F1CE0CC001A40C8 /* rtsx_ops.hpp */; };
		9EDDDD571F1CE0CC001A40C8 /* rtsx.cpp in Sources */ = {isa = PBXBuildFile; fileRef = 9EDDDD4D1F1CE0CC001A40C8 /* rtsx.cpp */; };
		9EDDDD581F1CE0CC001A40C8 /* rtsxreg.hpp in Headers */ = {isa = PBXBuildFile; fileRef = 9EDDDD4E1F1CE0CC001A40C8 /* rtsxreg.hpp */; };
		9EDDDD591F1CE0CC001A40C8 /* rtsxvar.hpp in Headers */ = {isa = PBXBuildFile; fileRef = 9EDDDD4F1F1CE0CC001A40C8 /* rtsxvar.hpp */; };
		9EDDDD5A1F1CE0CC001A40C8 /* xnu_private.h in Headers */ = {isa = PBXBuildFile; fileRef = 9EDDDD501F1CE0CC001A40C8 /* xnu_private.h */; };
/* End PBXBuildFile section */

/* Begin PBXFileReference section */
		9EDDDD3A1F1CE089001A40C8 /* macRTSX.kext */ = {isa = PBXFileReference; explicitFileType = wrapper.cfbundle; includeInIndex = 0; path = macRTSX.kext; sourceTree = BUILT_PRODUCTS_DIR; };
		9EDDDD3D1F1CE089001A40C8 /* macRTSX.hpp */ = {isa = PBXFileReference; lastKnownFileType = sourcecode.cpp.h; path = macRTSX.hpp; sourceTree = "<group>"; };
		9EDDDD3F1F1CE089001A40C8 /* macRTSX.cpp */ = {isa = PBXFileReference; lastKnownFileType = sourcecode.cpp.cpp; path = macRTSX.cpp; sourceTree = "<group>"; };
		9EDDDD411F1CE089001A40C8 /* Info.plist */ = {isa = PBXFileReference; lastKnownFileType = text.plist.xml; path = Info.plist; sourceTree = "<group>"; };
		9EDDDD471F1CE0CC001A40C8 /* macSDMMC_regs.hpp */ = {isa = PBXFileReference; fileEncoding = 4; lastKnownFileType = sourcecode.cpp.h; path = macSDMMC_regs.hpp; sourceTree = "<group>"; };
		9EDDDD481F1CE0CC001A40C8 /* macSDMMC.cpp */ = {isa = PBXFileReference; fileEncoding = 4; lastKnownFileType = sourcecode.cpp.cpp; path = macSDMMC.cpp; sourceTree = "<group>"; };
		9EDDDD491F1CE0CC001A40C8 /* macSDMMC.hpp */ = {isa = PBXFileReference; fileEncoding = 4; lastKnownFileType = sourcecode.cpp.h; path = macSDMMC.hpp; sourceTree = "<group>"; };
		9EDDDD4A1F1CE0CC001A40C8 /* macSDMMCDisk.cpp */ = {isa = PBXFileReference; fileEncoding = 4; lastKnownFileType = sourcecode.cpp.cpp; path = macSDMMCDisk.cpp; sourceTree = "<group>"; };
		9EDDDD4B1F1CE0CC001A40C8 /* macSDMMCDisk.hpp */ = {isa = PBXFileReference; fileEncoding = 4; lastKnownFileType = sourcecode.cpp.h; path = macSDMMCDisk.hpp; sourceTree = "<group>"; };
		9EDDDD4C1F1CE0CC001A40C8 /* rtsx_ops.hpp */ = {isa = PBXFileReference; fileEncoding = 4; lastKnownFileType = sourcecode.cpp.h; path = rtsx_ops.hpp; sourceTree = "<group>"; };
		9EDDDD4D1F1CE0CC001A40C8 /* rtsx.cpp */ = {isa = PBXFileReference; fileEncoding = 4; lastKnownFileType = sourcecode.cpp.cpp; path = rtsx.cpp; sourceTree = "<group>"; };
		9EDDDD4E1F1CE0CC001A40C8 /* rtsxreg.hpp */ = {isa = PBXFileReference; fileEncoding = 4; lastKnownFileType = sourcecode.cpp.h; path = rtsxreg.hpp; sourceTree = "<group>"; };
		9EDDDD4F1F1CE0CC001A40C8 /* rtsxvar.hpp */ = {isa = PBXFileReference; fileEncoding = 4; lastKnownFileType = sourcecode.cpp.h; path = rtsxvar.hpp; sourceTree = "<group>"; };
		9EDDDD501F1CE0CC001A40C8 /* xnu_private.h */ = {isa = PBXFileReference; fileEncoding = 4; lastKnownFileType = sourcecode.c.h; path = xnu_private.h; sourceTree = "<group>"; };
/* End PBXFileReference section */

/* Begin PBXFrameworksBuildPhase section */
		9EDDDD361F1CE089001A40C8 /* Frameworks */ = {
			isa = PBXFrameworksBuildPhase;
			buildActionMask = 2147483647;
			files = (
			);
			runOnlyForDeploymentPostprocessing = 0;
		};
/* End PBXFrameworksBuildPhase section */

/* Begin PBXGroup section */
		9EDDDD301F1CE089001A40C8 = {
			isa = PBXGroup;
			children = (
				9EDDDD3C1F1CE089001A40C8 /* macRTSX */,
				9EDDDD3B1F1CE089001A40C8 /* Products */,
			);
			sourceTree = "<group>";
		};
		9EDDDD3B1F1CE089001A40C8 /* Products */ = {
			isa = PBXGroup;
			children = (
				9EDDDD3A1F1CE089001A40C8 /* macRTSX.kext */,
			);
			name = Products;
			sourceTree = "<group>";
		};
		9EDDDD3C1F1CE089001A40C8 /* macRTSX */ = {
			isa = PBXGroup;
			children = (
				9EDDDD471F1CE0CC001A40C8 /* macSDMMC_regs.hpp */,
				9EDDDD481F1CE0CC001A40C8 /* macSDMMC.cpp */,
				9EDDDD491F1CE0CC001A40C8 /* macSDMMC.hpp */,
				9EDDDD4A1F1CE0CC001A40C8 /* macSDMMCDisk.cpp */,
				9EDDDD4B1F1CE0CC001A40C8 /* macSDMMCDisk.hpp */,
				9EDDDD4C1F1CE0CC001A40C8 /* rtsx_ops.hpp */,
				9EDDDD4D1F1CE0CC001A40C8 /* rtsx.cpp */,
				9EDDDD4E1F1CE0CC001A40C8 /* rtsxreg.hpp */,
				9EDDDD4F1F1CE0CC001A40C8 /* rtsxvar.hpp */,
				9EDDDD501F1CE0CC001A40C8 /* xnu_private.h */,
				9EDDDD3D1F1CE089001A40C8 /* macRTSX.hpp */,
				9EDDDD3F1F1CE089001A40C8 /* macRTSX.cpp */,
				9EDDDD411F1CE089001A40C8 /* Info.plist */,
			);
			path = macRTSX;
			sourceTree = "<group>";
		};
/* End PBXGroup section */

/* Begin PBXHeadersBuildPhase section */
		9EDDDD371F1CE089001A40C8 /* Headers */ = {
			isa = PBXHeadersBuildPhase;
			buildActionMask = 2147483647;
			files = (
				9EDDDD5A1F1CE0CC001A40C8 /* xnu_private.h in Headers */,
				9EDDDD581F1CE0CC001A40C8 /* rtsxreg.hpp in Headers */,
				9EDDDD531F1CE0CC001A40C8 /* macSDMMC.hpp in Headers */,
				9EDDDD511F1CE0CC001A40C8 /* macSDMMC_regs.hpp in Headers */,
				9EDDDD551F1CE0CC001A40C8 /* macSDMMCDisk.hpp in Headers */,
				9EDDDD3E1F1CE089001A40C8 /* macRTSX.hpp in Headers */,
				9EDDDD591F1CE0CC001A40C8 /* rtsxvar.hpp in Headers */,
				9EDDDD561F1CE0CC001A40C8 /* rtsx_ops.hpp in Headers */,
			);
			runOnlyForDeploymentPostprocessing = 0;
		};
/* End PBXHeadersBuildPhase section */

/* Begin PBXNativeTarget section */
		9EDDDD391F1CE089001A40C8 /* macRTSX */ = {
			isa = PBXNativeTarget;
			buildConfigurationList = 9EDDDD441F1CE089001A40C8 /* Build configuration list for PBXNativeTarget "macRTSX" */;
			buildPhases = (
				9EDDDD351F1CE089001A40C8 /* Sources */,
				9EDDDD361F1CE089001A40C8 /* Frameworks */,
				9EDDDD371F1CE089001A40C8 /* Headers */,
				9EDDDD381F1CE089001A40C8 /* Resources */,
			);
			buildRules = (
			);
			dependencies = (
			);
			name = macRTSX;
			productName = macRTSX;
			productReference = 9EDDDD3A1F1CE089001A40C8 /* macRTSX.kext */;
			productType = "com.apple.product-type.kernel-extension";
		};
/* End PBXNativeTarget section */

/* Begin PBXProject section */
		9EDDDD311F1CE089001A40C8 /* Project object */ = {
			isa = PBXProject;
			attributes = {
				LastUpgradeCheck = 0830;
				ORGANIZATIONNAME = sinetek;
				TargetAttributes = {
					9EDDDD391F1CE089001A40C8 = {
						CreatedOnToolsVersion = 8.3.3;
						ProvisioningStyle = Automatic;
					};
				};
			};
			buildConfigurationList = 9EDDDD341F1CE089001A40C8 /* Build configuration list for PBXProject "macRTSX" */;
			compatibilityVersion = "Xcode 3.2";
			developmentRegion = English;
			hasScannedForEncodings = 0;
			knownRegions = (
				en,
			);
			mainGroup = 9EDDDD301F1CE089001A40C8;
			productRefGroup = 9EDDDD3B1F1CE089001A40C8 /* Products */;
			projectDirPath = "";
			projectRoot = "";
			targets = (
				9EDDDD391F1CE089001A40C8 /* macRTSX */,
			);
		};
/* End PBXProject section */

/* Begin PBXResourcesBuildPhase section */
		9EDDDD381F1CE089001A40C8 /* Resources */ = {
			isa = PBXResourcesBuildPhase;
			buildActionMask = 2147483647;
			files = (
			);
			runOnlyForDeploymentPostprocessing = 0;
		};
/* End PBXResourcesBuildPhase section */

/* Begin PBXSourcesBuildPhase section */
		9EDDDD351F1CE089001A40C8 /* Sources */ = {
			isa = PBXSourcesBuildPhase;
			buildActionMask = 2147483647;
			files = (
				9EDDDD541F1CE0CC001A40C8 /* macSDMMCDisk.cpp in Sources */,
				9EDDDD521F1CE0CC001A40C8 /* macSDMMC.cpp in Sources */,
				9EDDDD571F1CE0CC001A40C8 /* rtsx.cpp in Sources */,
				9EDDDD401F1CE089001A40C8 /* macRTSX.cpp in Sources */,
			);
			runOnlyForDeploymentPostprocessing = 0;
		};
/* End PBXSourcesBuildPhase section */

/* Begin XCBuildConfiguration section */
		9EDDDD421F1CE089001A40C8 /* Debug */ = {
			isa = XCBuildConfiguration;
			buildSettings = {
				ALWAYS_SEARCH_USER_PATHS = NO;
				CLANG_ANALYZER_NONNULL = YES;
				CLANG_ANALYZER_NUMBER_OBJECT_CONVERSION = YES_AGGRESSIVE;
				CLANG_CXX_LANGUAGE_STANDARD = "gnu++0x";
				CLANG_CXX_LIBRARY = "libc++";
				CLANG_ENABLE_MODULES = YES;
				CLANG_ENABLE_OBJC_ARC = YES;
				CLANG_WARN_BOOL_CONVERSION = YES;
				CLANG_WARN_CONSTANT_CONVERSION = YES;
				CLANG_WARN_DIRECT_OBJC_ISA_USAGE = YES_ERROR;
				CLANG_WARN_DOCUMENTATION_COMMENTS = YES;
				CLANG_WARN_EMPTY_BODY = YES;
				CLANG_WARN_ENUM_CONVERSION = YES;
				CLANG_WARN_INFINITE_RECURSION = YES;
				CLANG_WARN_INT_CONVERSION = YES;
				CLANG_WARN_OBJC_ROOT_CLASS = YES_ERROR;
				CLANG_WARN_SUSPICIOUS_MOVE = YES;
				CLANG_WARN_UNREACHABLE_CODE = YES;
				CLANG_WARN__DUPLICATE_METHOD_MATCH = YES;
				CODE_SIGN_IDENTITY = "-";
				COPY_PHASE_STRIP = NO;
				DEBUG_INFORMATION_FORMAT = dwarf;
				ENABLE_STRICT_OBJC_MSGSEND = YES;
				ENABLE_TESTABILITY = YES;
				GCC_C_LANGUAGE_STANDARD = gnu99;
				GCC_DYNAMIC_NO_PIC = NO;
				GCC_NO_COMMON_BLOCKS = YES;
				GCC_OPTIMIZATION_LEVEL = 0;
				GCC_PREPROCESSOR_DEFINITIONS = (
					"DEBUG=1",
					"$(inherited)",
				);
				GCC_WARN_64_TO_32_BIT_CONVERSION = YES;
				GCC_WARN_ABOUT_RETURN_TYPE = YES_ERROR;
				GCC_WARN_UNDECLARED_SELECTOR = YES;
				GCC_WARN_UNINITIALIZED_AUTOS = YES_AGGRESSIVE;
				GCC_WARN_UNUSED_FUNCTION = YES;
				GCC_WARN_UNUSED_VARIABLE = YES;
				MACOSX_DEPLOYMENT_TARGET = 10.12;
				MTL_ENABLE_DEBUG_INFO = YES;
				ONLY_ACTIVE_ARCH = YES;
				SDKROOT = macosx;
			};
			name = Debug;
		};
		9EDDDD431F1CE089001A40C8 /* Release */ = {
			isa = XCBuildConfiguration;
			buildSettings = {
				ALWAYS_SEARCH_USER_PATHS = NO;
				CLANG_ANALYZER_NONNULL = YES;
				CLANG_ANALYZER_NUMBER_OBJECT_CONVERSION = YES_AGGRESSIVE;
				CLANG_CXX_LANGUAGE_STANDARD = "gnu++0x";
				CLANG_CXX_LIBRARY = "libc++";
				CLANG_ENABLE_MODULES = YES;
				CLANG_ENABLE_OBJC_ARC = YES;
				CLANG_WARN_BOOL_CONVERSION = YES;
				CLANG_WARN_CONSTANT_CONVERSION = YES;
				CLANG_WARN_DIRECT_OBJC_ISA_USAGE = YES_ERROR;
				CLANG_WARN_DOCUMENTATION_COMMENTS = YES;
				CLANG_WARN_EMPTY_BODY = YES;
				CLANG_WARN_ENUM_CONVERSION = YES;
				CLANG_WARN_INFINITE_RECURSION = YES;
				CLANG_WARN_INT_CONVERSION = YES;
				CLANG_WARN_OBJC_ROOT_CLASS = YES_ERROR;
				CLANG_WARN_SUSPICIOUS_MOVE = YES;
				CLANG_WARN_UNREACHABLE_CODE = YES;
				CLANG_WARN__DUPLICATE_METHOD_MATCH = YES;
				CODE_SIGN_IDENTITY = "-";
				COPY_PHASE_STRIP = NO;
				DEBUG_INFORMATION_FORMAT = "dwarf-with-dsym";
				ENABLE_NS_ASSERTIONS = NO;
				ENABLE_STRICT_OBJC_MSGSEND = YES;
				GCC_C_LANGUAGE_STANDARD = gnu99;
				GCC_NO_COMMON_BLOCKS = YES;
				GCC_WARN_64_TO_32_BIT_CONVERSION = YES;
				GCC_WARN_ABOUT_RETURN_TYPE = YES_ERROR;
				GCC_WARN_UNDECLARED_SELECTOR = YES;
				GCC_WARN_UNINITIALIZED_AUTOS = YES_AGGRESSIVE;
				GCC_WARN_UNUSED_FUNCTION = YES;
				GCC_WARN_UNUSED_VARIABLE = YES;
				MACOSX_DEPLOYMENT_TARGET = 10.12;
				MTL_ENABLE_DEBUG_INFO = NO;
				SDKROOT = macosx;
			};
			name = Release;
		};
		9EDDDD451F1CE089001A40C8 /* Debug */ = {
			isa = XCBuildConfiguration;
			buildSettings = {
				COMBINE_HIDPI_IMAGES = YES;
				CURRENT_PROJECT_VERSION = 1.0.0d1;
				INFOPLIST_FILE = macRTSX/Info.plist;
				MODULE_NAME = io.sinetek.macRTSX;
				MODULE_VERSION = 1.0.0d1;
				PRODUCT_BUNDLE_IDENTIFIER = io.sinetek.macRTSX;
				PRODUCT_NAME = "$(TARGET_NAME)";
				WRAPPER_EXTENSION = kext;
			};
			name = Debug;
		};
		9EDDDD461F1CE089001A40C8 /* Release */ = {
			isa = XCBuildConfiguration;
			buildSettings = {
				COMBINE_HIDPI_IMAGES = YES;
				CURRENT_PROJECT_VERSION = 1.0.0d1;
				INFOPLIST_FILE = macRTSX/Info.plist;
				MODULE_NAME = io.sinetek.macRTSX;
				MODULE_VERSION = 1.0.0d1;
				PRODUCT_BUNDLE_IDENTIFIER = io.sinetek.macRTSX;
				PRODUCT_NAME = "$(TARGET_NAME)";
				WRAPPER_EXTENSION = kext;
			};
			name = Release;
		};
/* End XCBuildConfiguration section */

/* Begin XCConfigurationList section */
		9EDDDD341F1CE089001A40C8 /* Build configuration list for PBXProject "macRTSX" */ = {
			isa = XCConfigurationList;
			buildConfigurations = (
				9EDDDD421F1CE089001A40C8 /* Debug */,
				9EDDDD431F1CE089001A40C8 /* Release */,
			);
			defaultConfigurationIsVisible = 0;
			defaultConfigurationName = Release;
		};
		9EDDDD441F1CE089001A40C8 /* Build configuration list for PBXNativeTarget "macRTSX" */ = {
			isa = XCConfigurationList;
			buildConfigurations = (
				9EDDDD451F1CE089001A40C8 /* Debug */,
				9EDDDD461F1CE089001A40C8 /* Release */,
			);
			defaultConfigurationIsVisible = 0;
		};
/* End XCConfigurationList section */
	};
	rootObject = 9EDDDD311F1CE089001A40C8 /* Project object */;
}
